# This file is automatically @generated by Poetry 1.6.1 and should not be changed by hand.

[[package]]
name = "pyaudio"
version = "0.2.13"
description = "Cross-platform audio I/O with PortAudio"
optional = false
python-versions = "*"
files = [
    {file = "PyAudio-0.2.13-cp310-cp310-win32.whl", hash = "sha256:48e29537ea22ae2ae323eebe297bfb2683831cee4f20d96964e131f65ab2161d"},
    {file = "PyAudio-0.2.13-cp310-cp310-win_amd64.whl", hash = "sha256:87137cfd0ef8608a2a383be3f6996f59505e322dab9d16531f14cf542fa294f1"},
    {file = "PyAudio-0.2.13-cp311-cp311-win32.whl", hash = "sha256:13915faaa780e6bbbb6d745ef0e761674fd461b1b1b3f9c1f57042a534bfc0c3"},
    {file = "PyAudio-0.2.13-cp311-cp311-win_amd64.whl", hash = "sha256:59cc3cc5211b729c7854e3989058a145872cc58b1a7b46c6d4d88448a343d890"},
    {file = "PyAudio-0.2.13-cp37-cp37m-win32.whl", hash = "sha256:d294e3f85b2238649b1ff49ce3412459a8a312569975a89d14646536362d7576"},
    {file = "PyAudio-0.2.13-cp37-cp37m-win_amd64.whl", hash = "sha256:ff7f5e44ef51fe61da1e09c6f632f0b5808198edd61b363855cc7dd03bf4a8ac"},
    {file = "PyAudio-0.2.13-cp38-cp38-win32.whl", hash = "sha256:c6b302b048c054b7463936d8ba884b73877dc47012f3c94665dba92dd658ae04"},
    {file = "PyAudio-0.2.13-cp38-cp38-win_amd64.whl", hash = "sha256:1505d766ee718df6f5a18b73ac42307ba1cb4d2c0397873159254a34f67515d6"},
    {file = "PyAudio-0.2.13-cp39-cp39-win32.whl", hash = "sha256:eb128e4a6ea9b98d9a31f33c44978885af27dbe8ae53d665f8790cbfe045517e"},
    {file = "PyAudio-0.2.13-cp39-cp39-win_amd64.whl", hash = "sha256:910ef09225cce227adbba92622d4a3e3c8375117f7dd64039f287d9ffc0e02a1"},
    {file = "PyAudio-0.2.13.tar.gz", hash = "sha256:26bccc81e4243d1c0ff5487e6b481de6329fcd65c79365c267cef38f363a2b56"},
]

[package.extras]
test = ["numpy"]

[metadata]
lock-version = "2.0"
python-versions = "^3.10"
content-hash = "9889b10c8cd0cbc95631b7c11f7d24f802268be0c9f29d8f0d6deba5db867112"
