# This file is generated by running "yarn install" inside your project.
# Manual changes might be lost - proceed with caution!

__metadata:
  version: 8
  cacheKey: 10c0

"@electron/get@npm:^2.0.0":
  version: 2.0.3
  resolution: "@electron/get@npm:2.0.3"
  dependencies:
    debug: "npm:^4.1.1"
    env-paths: "npm:^2.2.0"
    fs-extra: "npm:^8.1.0"
    global-agent: "npm:^3.0.0"
    got: "npm:^11.8.5"
    progress: "npm:^2.0.3"
    semver: "npm:^6.2.0"
    sumchecker: "npm:^3.0.1"
  dependenciesMeta:
    global-agent:
      optional: true
  checksum: 148957d531bac50c29541515f2483c3e5c9c6ba9f0269a5d536540d2b8d849188a89588f18901f3a84c2b4fd376d1e0c5ea2159eb2d17bda68558f57df19015e
  languageName: node
  linkType: hard

"@sindresorhus/is@npm:^4.0.0":
  version: 4.6.0
  resolution: "@sindresorhus/is@npm:4.6.0"
  checksum: 33b6fb1d0834ec8dd7689ddc0e2781c2bfd8b9c4e4bacbcb14111e0ae00621f2c264b8a7d36541799d74888b5dccdf422a891a5cb5a709ace26325eedc81e22e
  languageName: node
  linkType: hard

"@szmarczak/http-timer@npm:^4.0.5":
  version: 4.0.6
  resolution: "@szmarczak/http-timer@npm:4.0.6"
  dependencies:
    defer-to-connect: "npm:^2.0.0"
  checksum: 73946918c025339db68b09abd91fa3001e87fc749c619d2e9c2003a663039d4c3cb89836c98a96598b3d47dec2481284ba85355392644911f5ecd2336536697f
  languageName: node
  linkType: hard

"@types/cacheable-request@npm:^6.0.1":
  version: 6.0.3
  resolution: "@types/cacheable-request@npm:6.0.3"
  dependencies:
    "@types/http-cache-semantics": "npm:*"
    "@types/keyv": "npm:^3.1.4"
    "@types/node": "npm:*"
    "@types/responselike": "npm:^1.0.0"
  checksum: 10816a88e4e5b144d43c1d15a81003f86d649776c7f410c9b5e6579d0ad9d4ca71c541962fb403077388b446e41af7ae38d313e46692144985f006ac5e11fa03
  languageName: node
  linkType: hard

"@types/http-cache-semantics@npm:*":
  version: 4.0.4
  resolution: "@types/http-cache-semantics@npm:4.0.4"
  checksum: 51b72568b4b2863e0fe8d6ce8aad72a784b7510d72dc866215642da51d84945a9459fa89f49ec48f1e9a1752e6a78e85a4cda0ded06b1c73e727610c925f9ce6
  languageName: node
  linkType: hard

"@types/keyv@npm:^3.1.4":
  version: 3.1.4
  resolution: "@types/keyv@npm:3.1.4"
  dependencies:
    "@types/node": "npm:*"
  checksum: ff8f54fc49621210291f815fe5b15d809fd7d032941b3180743440bd507ecdf08b9e844625fa346af568c84bf34114eb378dcdc3e921a08ba1e2a08d7e3c809c
  languageName: node
  linkType: hard

"@types/node@npm:*, @types/node@npm:^20.9.0":
  version: 20.11.19
  resolution: "@types/node@npm:20.11.19"
  dependencies:
    undici-types: "npm:~5.26.4"
  checksum: f451ef0a1d78f29c57bad7b77e49ebec945f2a6d0d7a89851d7e185ee9fe7ad94d651c0dfbcb7858c9fa791310c8b40a881e2260f56bd3c1b7e7ae92723373ae
  languageName: node
  linkType: hard

"@types/responselike@npm:^1.0.0":
  version: 1.0.3
  resolution: "@types/responselike@npm:1.0.3"
  dependencies:
    "@types/node": "npm:*"
  checksum: a58ba341cb9e7d74f71810a88862da7b2a6fa42e2a1fc0ce40498f6ea1d44382f0640117057da779f74c47039f7166bf48fad02dc876f94e005c7afa50f5e129
  languageName: node
  linkType: hard

"@types/yauzl@npm:^2.9.1":
  version: 2.10.3
  resolution: "@types/yauzl@npm:2.10.3"
  dependencies:
    "@types/node": "npm:*"
  checksum: f1b7c1b99fef9f2fe7f1985ef7426d0cebe48cd031f1780fcdc7451eec7e31ac97028f16f50121a59bcf53086a1fc8c856fd5b7d3e00970e43d92ae27d6b43dc
  languageName: node
  linkType: hard

"boolean@npm:^3.0.1":
  version: 3.2.0
  resolution: "boolean@npm:3.2.0"
  checksum: 6a0dc9668f6f3dda42a53c181fcbdad223169c8d87b6c4011b87a8b14a21770efb2934a778f063d7ece17280f8c06d313c87f7b834bb1dd526a867ffcd00febf
  languageName: node
  linkType: hard

"buffer-crc32@npm:~0.2.3":
  version: 0.2.13
  resolution: "buffer-crc32@npm:0.2.13"
  checksum: cb0a8ddf5cf4f766466db63279e47761eb825693eeba6a5a95ee4ec8cb8f81ede70aa7f9d8aeec083e781d47154290eb5d4d26b3f7a465ec57fb9e7d59c47150
  languageName: node
  linkType: hard

"cacheable-lookup@npm:^5.0.3":
  version: 5.0.4
  resolution: "cacheable-lookup@npm:5.0.4"
  checksum: a6547fb4954b318aa831cbdd2f7b376824bc784fb1fa67610e4147099e3074726072d9af89f12efb69121415a0e1f2918a8ddd4aafcbcf4e91fbeef4a59cd42c
  languageName: node
  linkType: hard

"cacheable-request@npm:^7.0.2":
  version: 7.0.4
  resolution: "cacheable-request@npm:7.0.4"
  dependencies:
    clone-response: "npm:^1.0.2"
    get-stream: "npm:^5.1.0"
    http-cache-semantics: "npm:^4.0.0"
    keyv: "npm:^4.0.0"
    lowercase-keys: "npm:^2.0.0"
    normalize-url: "npm:^6.0.1"
    responselike: "npm:^2.0.0"
  checksum: 0834a7d17ae71a177bc34eab06de112a43f9b5ad05ebe929bec983d890a7d9f2bc5f1aa8bb67ea2b65e07a3bc74bea35fa62dd36dbac52876afe36fdcf83da41
  languageName: node
  linkType: hard

"clone-response@npm:^1.0.2":
  version: 1.0.3
  resolution: "clone-response@npm:1.0.3"
  dependencies:
    mimic-response: "npm:^1.0.0"
  checksum: 06a2b611824efb128810708baee3bd169ec9a1bf5976a5258cd7eb3f7db25f00166c6eee5961f075c7e38e194f373d4fdf86b8166ad5b9c7e82bbd2e333a6087
  languageName: node
  linkType: hard

"debug@npm:^4.1.0, debug@npm:^4.1.1":
  version: 4.3.4
  resolution: "debug@npm:4.3.4"
  dependencies:
    ms: "npm:2.1.2"
  peerDependenciesMeta:
    supports-color:
      optional: true
  checksum: cedbec45298dd5c501d01b92b119cd3faebe5438c3917ff11ae1bff86a6c722930ac9c8659792824013168ba6db7c4668225d845c633fbdafbbf902a6389f736
  languageName: node
  linkType: hard

"decompress-response@npm:^6.0.0":
  version: 6.0.0
  resolution: "decompress-response@npm:6.0.0"
  dependencies:
    mimic-response: "npm:^3.1.0"
  checksum: bd89d23141b96d80577e70c54fb226b2f40e74a6817652b80a116d7befb8758261ad073a8895648a29cc0a5947021ab66705cb542fa9c143c82022b27c5b175e
  languageName: node
  linkType: hard

"defer-to-connect@npm:^2.0.0":
  version: 2.0.1
  resolution: "defer-to-connect@npm:2.0.1"
  checksum: 625ce28e1b5ad10cf77057b9a6a727bf84780c17660f6644dab61dd34c23de3001f03cedc401f7d30a4ed9965c2e8a7336e220a329146f2cf85d4eddea429782
  languageName: node
  linkType: hard

"define-data-property@npm:^1.0.1":
  version: 1.1.4
  resolution: "define-data-property@npm:1.1.4"
  dependencies:
    es-define-property: "npm:^1.0.0"
    es-errors: "npm:^1.3.0"
    gopd: "npm:^1.0.1"
  checksum: dea0606d1483eb9db8d930d4eac62ca0fa16738b0b3e07046cddfacf7d8c868bbe13fa0cb263eb91c7d0d527960dc3f2f2471a69ed7816210307f6744fe62e37
  languageName: node
  linkType: hard

"define-properties@npm:^1.1.3":
  version: 1.2.1
  resolution: "define-properties@npm:1.2.1"
  dependencies:
    define-data-property: "npm:^1.0.1"
    has-property-descriptors: "npm:^1.0.0"
    object-keys: "npm:^1.1.1"
  checksum: 88a152319ffe1396ccc6ded510a3896e77efac7a1bfbaa174a7b00414a1747377e0bb525d303794a47cf30e805c2ec84e575758512c6e44a993076d29fd4e6c3
  languageName: node
  linkType: hard

"detect-node@npm:^2.0.4":
  version: 2.1.0
  resolution: "detect-node@npm:2.1.0"
  checksum: f039f601790f2e9d4654e499913259a798b1f5246ae24f86ab5e8bd4aaf3bce50484234c494f11fb00aecb0c6e2733aa7b1cf3f530865640b65fbbd65b2c4e09
  languageName: node
  linkType: hard

"electron@npm:^29.0.0":
  version: 29.0.0
  resolution: "electron@npm:29.0.0"
  dependencies:
    "@electron/get": "npm:^2.0.0"
    "@types/node": "npm:^20.9.0"
    extract-zip: "npm:^2.0.1"
  bin:
    electron: cli.js
  checksum: 0af7ae45225ad117130e43cbd08db3e5f42aed2a74ee329b4a65df63728793d3d7322c2db7eaffbbfa198aa1d092012bd07414fbb305e00bdf3a2762ce7bd043
  languageName: node
  linkType: hard

"end-of-stream@npm:^1.1.0":
  version: 1.4.4
  resolution: "end-of-stream@npm:1.4.4"
  dependencies:
    once: "npm:^1.4.0"
  checksum: 870b423afb2d54bb8d243c63e07c170409d41e20b47eeef0727547aea5740bd6717aca45597a9f2745525667a6b804c1e7bede41f856818faee5806dd9ff3975
  languageName: node
  linkType: hard

"env-paths@npm:^2.2.0":
  version: 2.2.1
  resolution: "env-paths@npm:2.2.1"
  checksum: 285325677bf00e30845e330eec32894f5105529db97496ee3f598478e50f008c5352a41a30e5e72ec9de8a542b5a570b85699cd63bd2bc646dbcb9f311d83bc4
  languageName: node
  linkType: hard

"es-define-property@npm:^1.0.0":
  version: 1.0.0
  resolution: "es-define-property@npm:1.0.0"
  dependencies:
    get-intrinsic: "npm:^1.2.4"
  checksum: 6bf3191feb7ea2ebda48b577f69bdfac7a2b3c9bcf97307f55fd6ef1bbca0b49f0c219a935aca506c993d8c5d8bddd937766cb760cd5e5a1071351f2df9f9aa4
  languageName: node
  linkType: hard

"es-errors@npm:^1.3.0":
  version: 1.3.0
  resolution: "es-errors@npm:1.3.0"
  checksum: 0a61325670072f98d8ae3b914edab3559b6caa980f08054a3b872052640d91da01d38df55df797fcc916389d77fc92b8d5906cf028f4db46d7e3003abecbca85
  languageName: node
  linkType: hard

"es6-error@npm:^4.1.1":
  version: 4.1.1
  resolution: "es6-error@npm:4.1.1"
  checksum: 357663fb1e845c047d548c3d30f86e005db71e122678f4184ced0693f634688c3f3ef2d7de7d4af732f734de01f528b05954e270f06aa7d133679fb9fe6600ef
  languageName: node
  linkType: hard

"escape-string-regexp@npm:^4.0.0":
  version: 4.0.0
  resolution: "escape-string-regexp@npm:4.0.0"
  checksum: 9497d4dd307d845bd7f75180d8188bb17ea8c151c1edbf6b6717c100e104d629dc2dfb687686181b0f4b7d732c7dfdc4d5e7a8ff72de1b0ca283a75bbb3a9cd9
  languageName: node
  linkType: hard

"extract-zip@npm:^2.0.1":
  version: 2.0.1
  resolution: "extract-zip@npm:2.0.1"
  dependencies:
    "@types/yauzl": "npm:^2.9.1"
    debug: "npm:^4.1.1"
    get-stream: "npm:^5.1.0"
    yauzl: "npm:^2.10.0"
  dependenciesMeta:
    "@types/yauzl":
      optional: true
  bin:
    extract-zip: cli.js
  checksum: 9afbd46854aa15a857ae0341a63a92743a7b89c8779102c3b4ffc207516b2019337353962309f85c66ee3d9092202a83cdc26dbf449a11981272038443974aee
  languageName: node
  linkType: hard

"fd-slicer@npm:~1.1.0":
  version: 1.1.0
  resolution: "fd-slicer@npm:1.1.0"
  dependencies:
    pend: "npm:~1.2.0"
  checksum: 304dd70270298e3ffe3bcc05e6f7ade2511acc278bc52d025f8918b48b6aa3b77f10361bddfadfe2a28163f7af7adbdce96f4d22c31b2f648ba2901f0c5fc20e
  languageName: node
  linkType: hard

"fs-extra@npm:^8.1.0":
  version: 8.1.0
  resolution: "fs-extra@npm:8.1.0"
  dependencies:
    graceful-fs: "npm:^4.2.0"
    jsonfile: "npm:^4.0.0"
    universalify: "npm:^0.1.0"
  checksum: 259f7b814d9e50d686899550c4f9ded85c46c643f7fe19be69504888e007fcbc08f306fae8ec495b8b998635e997c9e3e175ff2eeed230524ef1c1684cc96423
  languageName: node
  linkType: hard

"function-bind@npm:^1.1.2":
  version: 1.1.2
  resolution: "function-bind@npm:1.1.2"
  checksum: d8680ee1e5fcd4c197e4ac33b2b4dce03c71f4d91717292785703db200f5c21f977c568d28061226f9b5900cbcd2c84463646134fd5337e7925e0942bc3f46d5
  languageName: node
  linkType: hard

"get-intrinsic@npm:^1.1.3, get-intrinsic@npm:^1.2.4":
  version: 1.2.4
  resolution: "get-intrinsic@npm:1.2.4"
  dependencies:
    es-errors: "npm:^1.3.0"
    function-bind: "npm:^1.1.2"
    has-proto: "npm:^1.0.1"
    has-symbols: "npm:^1.0.3"
    hasown: "npm:^2.0.0"
  checksum: 0a9b82c16696ed6da5e39b1267104475c47e3a9bdbe8b509dfe1710946e38a87be70d759f4bb3cda042d76a41ef47fe769660f3b7c0d1f68750299344ffb15b7
  languageName: node
  linkType: hard

"get-stream@npm:^5.1.0":
  version: 5.2.0
  resolution: "get-stream@npm:5.2.0"
  dependencies:
    pump: "npm:^3.0.0"
  checksum: 43797ffd815fbb26685bf188c8cfebecb8af87b3925091dd7b9a9c915993293d78e3c9e1bce125928ff92f2d0796f3889b92b5ec6d58d1041b574682132e0a80
  languageName: node
  linkType: hard

"global-agent@npm:^3.0.0":
  version: 3.0.0
  resolution: "global-agent@npm:3.0.0"
  dependencies:
    boolean: "npm:^3.0.1"
    es6-error: "npm:^4.1.1"
    matcher: "npm:^3.0.0"
    roarr: "npm:^2.15.3"
    semver: "npm:^7.3.2"
    serialize-error: "npm:^7.0.1"
  checksum: bb8750d026b25da437072762fd739098bad92ff72f66483c3929db4579e072f5523960f7e7fd70ee0d75db48898067b5dc1c9c1d17888128cff008fcc34d1bd3
  languageName: node
  linkType: hard

"globalthis@npm:^1.0.1":
  version: 1.0.3
  resolution: "globalthis@npm:1.0.3"
  dependencies:
    define-properties: "npm:^1.1.3"
  checksum: 0db6e9af102a5254630351557ac15e6909bc7459d3e3f6b001e59fe784c96d31108818f032d9095739355a88467459e6488ff16584ee6250cd8c27dec05af4b0
  languageName: node
  linkType: hard

"gopd@npm:^1.0.1":
  version: 1.0.1
  resolution: "gopd@npm:1.0.1"
  dependencies:
    get-intrinsic: "npm:^1.1.3"
  checksum: 505c05487f7944c552cee72087bf1567debb470d4355b1335f2c262d218ebbff805cd3715448fe29b4b380bae6912561d0467233e4165830efd28da241418c63
  languageName: node
  linkType: hard

"got@npm:^11.8.5":
  version: 11.8.6
  resolution: "got@npm:11.8.6"
  dependencies:
    "@sindresorhus/is": "npm:^4.0.0"
    "@szmarczak/http-timer": "npm:^4.0.5"
    "@types/cacheable-request": "npm:^6.0.1"
    "@types/responselike": "npm:^1.0.0"
    cacheable-lookup: "npm:^5.0.3"
    cacheable-request: "npm:^7.0.2"
    decompress-response: "npm:^6.0.0"
    http2-wrapper: "npm:^1.0.0-beta.5.2"
    lowercase-keys: "npm:^2.0.0"
    p-cancelable: "npm:^2.0.0"
    responselike: "npm:^2.0.0"
  checksum: 754dd44877e5cf6183f1e989ff01c648d9a4719e357457bd4c78943911168881f1cfb7b2cb15d885e2105b3ad313adb8f017a67265dd7ade771afdb261ee8cb1
  languageName: node
  linkType: hard

"graceful-fs@npm:^4.1.6, graceful-fs@npm:^4.2.0":
  version: 4.2.11
  resolution: "graceful-fs@npm:4.2.11"
  checksum: 386d011a553e02bc594ac2ca0bd6d9e4c22d7fa8cfbfc448a6d148c59ea881b092db9dbe3547ae4b88e55f1b01f7c4a2ecc53b310c042793e63aa44cf6c257f2
  languageName: node
  linkType: hard

"has-property-descriptors@npm:^1.0.0":
  version: 1.0.2
  resolution: "has-property-descriptors@npm:1.0.2"
  dependencies:
    es-define-property: "npm:^1.0.0"
  checksum: 253c1f59e80bb476cf0dde8ff5284505d90c3bdb762983c3514d36414290475fe3fd6f574929d84de2a8eec00d35cf07cb6776205ff32efd7c50719125f00236
  languageName: node
  linkType: hard

"has-proto@npm:^1.0.1":
  version: 1.0.3
  resolution: "has-proto@npm:1.0.3"
  checksum: 35a6989f81e9f8022c2f4027f8b48a552de714938765d019dbea6bb547bd49ce5010a3c7c32ec6ddac6e48fc546166a3583b128f5a7add8b058a6d8b4afec205
  languageName: node
  linkType: hard

"has-symbols@npm:^1.0.3":
  version: 1.0.3
  resolution: "has-symbols@npm:1.0.3"
  checksum: e6922b4345a3f37069cdfe8600febbca791c94988c01af3394d86ca3360b4b93928bbf395859158f88099cb10b19d98e3bbab7c9ff2c1bd09cf665ee90afa2c3
  languageName: node
  linkType: hard

"hasown@npm:^2.0.0":
  version: 2.0.1
  resolution: "hasown@npm:2.0.1"
  dependencies:
    function-bind: "npm:^1.1.2"
  checksum: 9e27e70e8e4204f4124c8f99950d1ba2b1f5174864fd39ff26da190f9ea6488c1b3927dcc64981c26d1f637a971783c9489d62c829d393ea509e6f1ba20370bb
  languageName: node
  linkType: hard

"http-cache-semantics@npm:^4.0.0":
  version: 4.1.1
  resolution: "http-cache-semantics@npm:4.1.1"
  checksum: ce1319b8a382eb3cbb4a37c19f6bfe14e5bb5be3d09079e885e8c513ab2d3cd9214902f8a31c9dc4e37022633ceabfc2d697405deeaf1b8f3552bb4ed996fdfc
  languageName: node
  linkType: hard

"http2-wrapper@npm:^1.0.0-beta.5.2":
  version: 1.0.3
  resolution: "http2-wrapper@npm:1.0.3"
  dependencies:
    quick-lru: "npm:^5.1.1"
    resolve-alpn: "npm:^1.0.0"
  checksum: 6a9b72a033e9812e1476b9d776ce2f387bc94bc46c88aea0d5dab6bd47d0a539b8178830e77054dd26d1142c866d515a28a4dc7c3ff4232c88ff2ebe4f5d12d1
  languageName: node
  linkType: hard

"json-buffer@npm:3.0.1":
  version: 3.0.1
  resolution: "json-buffer@npm:3.0.1"
  checksum: 0d1c91569d9588e7eef2b49b59851f297f3ab93c7b35c7c221e288099322be6b562767d11e4821da500f3219542b9afd2e54c5dc573107c1126ed1080f8e96d7
  languageName: node
  linkType: hard

"json-stringify-safe@npm:^5.0.1":
  version: 5.0.1
  resolution: "json-stringify-safe@npm:5.0.1"
  checksum: 7dbf35cd0411d1d648dceb6d59ce5857ec939e52e4afc37601aa3da611f0987d5cee5b38d58329ceddf3ed48bd7215229c8d52059ab01f2444a338bf24ed0f37
  languageName: node
  linkType: hard

"jsonfile@npm:^4.0.0":
  version: 4.0.0
  resolution: "jsonfile@npm:4.0.0"
  dependencies:
    graceful-fs: "npm:^4.1.6"
  dependenciesMeta:
    graceful-fs:
      optional: true
  checksum: 7dc94b628d57a66b71fb1b79510d460d662eb975b5f876d723f81549c2e9cd316d58a2ddf742b2b93a4fa6b17b2accaf1a738a0e2ea114bdfb13a32e5377e480
  languageName: node
  linkType: hard

"keyv@npm:^4.0.0":
  version: 4.5.4
  resolution: "keyv@npm:4.5.4"
  dependencies:
    json-buffer: "npm:3.0.1"
  checksum: aa52f3c5e18e16bb6324876bb8b59dd02acf782a4b789c7b2ae21107fab95fab3890ed448d4f8dba80ce05391eeac4bfabb4f02a20221342982f806fa2cf271e
  languageName: node
  linkType: hard

"lowercase-keys@npm:^2.0.0":
  version: 2.0.0
  resolution: "lowercase-keys@npm:2.0.0"
  checksum: f82a2b3568910509da4b7906362efa40f5b54ea14c2584778ddb313226f9cbf21020a5db35f9b9a0e95847a9b781d548601f31793d736b22a2b8ae8eb9ab1082
  languageName: node
  linkType: hard

"lru-cache@npm:^6.0.0":
  version: 6.0.0
  resolution: "lru-cache@npm:6.0.0"
  dependencies:
    yallist: "npm:^4.0.0"
  checksum: cb53e582785c48187d7a188d3379c181b5ca2a9c78d2bce3e7dee36f32761d1c42983da3fe12b55cb74e1779fa94cdc2e5367c028a9b35317184ede0c07a30a9
  languageName: node
  linkType: hard

"matcher@npm:^3.0.0":
  version: 3.0.0
  resolution: "matcher@npm:3.0.0"
  dependencies:
    escape-string-regexp: "npm:^4.0.0"
  checksum: 2edf24194a2879690bcdb29985fc6bc0d003df44e04df21ebcac721fa6ce2f6201c579866bb92f9380bffe946f11ecd8cd31f34117fb67ebf8aca604918e127e
  languageName: node
  linkType: hard

"mimic-response@npm:^1.0.0":
  version: 1.0.1
  resolution: "mimic-response@npm:1.0.1"
  checksum: c5381a5eae997f1c3b5e90ca7f209ed58c3615caeee850e85329c598f0c000ae7bec40196580eef1781c60c709f47258131dab237cad8786f8f56750594f27fa
  languageName: node
  linkType: hard

"mimic-response@npm:^3.1.0":
  version: 3.1.0
  resolution: "mimic-response@npm:3.1.0"
  checksum: 0d6f07ce6e03e9e4445bee655202153bdb8a98d67ee8dc965ac140900d7a2688343e6b4c9a72cfc9ef2f7944dfd76eef4ab2482eb7b293a68b84916bac735362
  languageName: node
  linkType: hard

"ms@npm:2.1.2":
  version: 2.1.2
  resolution: "ms@npm:2.1.2"
  checksum: a437714e2f90dbf881b5191d35a6db792efbca5badf112f87b9e1c712aace4b4b9b742dd6537f3edf90fd6f684de897cec230abde57e87883766712ddda297cc
  languageName: node
  linkType: hard

"normalize-url@npm:^6.0.1":
  version: 6.1.0
  resolution: "normalize-url@npm:6.1.0"
  checksum: 95d948f9bdd2cfde91aa786d1816ae40f8262946e13700bf6628105994fe0ff361662c20af3961161c38a119dc977adeb41fc0b41b1745eb77edaaf9cb22db23
  languageName: node
  linkType: hard

"object-keys@npm:^1.1.1":
  version: 1.1.1
  resolution: "object-keys@npm:1.1.1"
  checksum: b11f7ccdbc6d406d1f186cdadb9d54738e347b2692a14439ca5ac70c225fa6db46db809711b78589866d47b25fc3e8dee0b4c722ac751e11180f9380e3d8601d
  languageName: node
  linkType: hard

"once@npm:^1.3.1, once@npm:^1.4.0":
  version: 1.4.0
  resolution: "once@npm:1.4.0"
  dependencies:
    wrappy: "npm:1"
  checksum: 5d48aca287dfefabd756621c5dfce5c91a549a93e9fdb7b8246bc4c4790aa2ec17b34a260530474635147aeb631a2dcc8b32c613df0675f96041cbb8244517d0
  languageName: node
  linkType: hard

"p-cancelable@npm:^2.0.0":
  version: 2.1.1
  resolution: "p-cancelable@npm:2.1.1"
  checksum: 8c6dc1f8dd4154fd8b96a10e55a3a832684c4365fb9108056d89e79fbf21a2465027c04a59d0d797b5ffe10b54a61a32043af287d5c4860f1e996cbdbc847f01
  languageName: node
  linkType: hard

"pend@npm:~1.2.0":
  version: 1.2.0
  resolution: "pend@npm:1.2.0"
  checksum: 8a87e63f7a4afcfb0f9f77b39bb92374afc723418b9cb716ee4257689224171002e07768eeade4ecd0e86f1fa3d8f022994219fb45634f2dbd78c6803e452458
  languageName: node
  linkType: hard

"progress@npm:^2.0.3":
  version: 2.0.3
  resolution: "progress@npm:2.0.3"
  checksum: 1697e07cb1068055dbe9fe858d242368ff5d2073639e652b75a7eb1f2a1a8d4afd404d719de23c7b48481a6aa0040686310e2dac2f53d776daa2176d3f96369c
  languageName: node
  linkType: hard

"pump@npm:^3.0.0":
  version: 3.0.0
  resolution: "pump@npm:3.0.0"
  dependencies:
    end-of-stream: "npm:^1.1.0"
    once: "npm:^1.3.1"
  checksum: bbdeda4f747cdf47db97428f3a135728669e56a0ae5f354a9ac5b74556556f5446a46f720a8f14ca2ece5be9b4d5d23c346db02b555f46739934cc6c093a5478
  languageName: node
  linkType: hard

"quick-lru@npm:^5.1.1":
  version: 5.1.1
  resolution: "quick-lru@npm:5.1.1"
  checksum: a24cba5da8cec30d70d2484be37622580f64765fb6390a928b17f60cd69e8dbd32a954b3ff9176fa1b86d86ff2ba05252fae55dc4d40d0291c60412b0ad096da
  languageName: node
  linkType: hard

"resolve-alpn@npm:^1.0.0":
  version: 1.2.1
  resolution: "resolve-alpn@npm:1.2.1"
  checksum: b70b29c1843bc39781ef946c8cd4482e6d425976599c0f9c138cec8209e4e0736161bf39319b01676a847000085dfdaf63583c6fb4427bf751a10635bd2aa0c4
  languageName: node
  linkType: hard

"responselike@npm:^2.0.0":
  version: 2.0.1
  resolution: "responselike@npm:2.0.1"
  dependencies:
    lowercase-keys: "npm:^2.0.0"
  checksum: 360b6deb5f101a9f8a4174f7837c523c3ec78b7ca8a7c1d45a1062b303659308a23757e318b1e91ed8684ad1205721142dd664d94771cd63499353fd4ee732b5
  languageName: node
  linkType: hard

"roarr@npm:^2.15.3":
  version: 2.15.4
  resolution: "roarr@npm:2.15.4"
  dependencies:
    boolean: "npm:^3.0.1"
    detect-node: "npm:^2.0.4"
    globalthis: "npm:^1.0.1"
    json-stringify-safe: "npm:^5.0.1"
    semver-compare: "npm:^1.0.0"
    sprintf-js: "npm:^1.1.2"
  checksum: 7d01d4c14513c461778dd673a8f9e53255221f8d04173aafeb8e11b23d8b659bb83f1c90cfe81af7f9c213b8084b404b918108fd792bda76678f555340cc64ec
  languageName: node
  linkType: hard

"say@workspace:.":
  version: 0.0.0-use.local
  resolution: "say@workspace:."
  dependencies:
    electron: "npm:^29.0.0"
  languageName: unknown
  linkType: soft

"semver-compare@npm:^1.0.0":
  version: 1.0.0
  resolution: "semver-compare@npm:1.0.0"
  checksum: 9ef4d8b81847556f0865f46ddc4d276bace118c7cb46811867af82e837b7fc473911981d5a0abc561fa2db487065572217e5b06e18701c4281bcdd2a1affaff1
  languageName: node
  linkType: hard

"semver@npm:^6.2.0":
  version: 6.3.1
  resolution: "semver@npm:6.3.1"
  bin:
    semver: bin/semver.js
  checksum: e3d79b609071caa78bcb6ce2ad81c7966a46a7431d9d58b8800cfa9cb6a63699b3899a0e4bcce36167a284578212d9ae6942b6929ba4aa5015c079a67751d42d
  languageName: node
  linkType: hard

"semver@npm:^7.3.2":
  version: 7.6.0
  resolution: "semver@npm:7.6.0"
  dependencies:
    lru-cache: "npm:^6.0.0"
  bin:
    semver: bin/semver.js
  checksum: fbfe717094ace0aa8d6332d7ef5ce727259815bd8d8815700853f4faf23aacbd7192522f0dc5af6df52ef4fa85a355ebd2f5d39f554bd028200d6cf481ab9b53
  languageName: node
  linkType: hard

"serialize-error@npm:^7.0.1":
  version: 7.0.1
  resolution: "serialize-error@npm:7.0.1"
  dependencies:
    type-fest: "npm:^0.13.1"
  checksum: 7982937d578cd901276c8ab3e2c6ed8a4c174137730f1fb0402d005af209a0e84d04acc874e317c936724c7b5b26c7a96ff7e4b8d11a469f4924a4b0ea814c05
  languageName: node
  linkType: hard

"sprintf-js@npm:^1.1.2":
  version: 1.1.3
  resolution: "sprintf-js@npm:1.1.3"
  checksum: 09270dc4f30d479e666aee820eacd9e464215cdff53848b443964202bf4051490538e5dd1b42e1a65cf7296916ca17640aebf63dae9812749c7542ee5f288dec
  languageName: node
  linkType: hard

"sumchecker@npm:^3.0.1":
  version: 3.0.1
  resolution: "sumchecker@npm:3.0.1"
  dependencies:
    debug: "npm:^4.1.0"
  checksum: 43c387be9dfe22dbeaf39dfa4ffb279847aeb37a42a8988c0b066f548bbd209aa8c65e03da29f2b29be1a66b577801bf89fff0007df4183db2f286263a9569e5
  languageName: node
  linkType: hard

"type-fest@npm:^0.13.1":
  version: 0.13.1
  resolution: "type-fest@npm:0.13.1"
  checksum: 0c0fa07ae53d4e776cf4dac30d25ad799443e9eef9226f9fddbb69242db86b08584084a99885cfa5a9dfe4c063ebdc9aa7b69da348e735baede8d43f1aeae93b
  languageName: node
  linkType: hard

"undici-types@npm:~5.26.4":
  version: 5.26.5
  resolution: "undici-types@npm:5.26.5"
  checksum: bb673d7876c2d411b6eb6c560e0c571eef4a01c1c19925175d16e3a30c4c428181fb8d7ae802a261f283e4166a0ac435e2f505743aa9e45d893f9a3df017b501
  languageName: node
  linkType: hard

"universalify@npm:^0.1.0":
  version: 0.1.2
  resolution: "universalify@npm:0.1.2"
  checksum: e70e0339f6b36f34c9816f6bf9662372bd241714dc77508d231d08386d94f2c4aa1ba1318614f92015f40d45aae1b9075cd30bd490efbe39387b60a76ca3f045
  languageName: node
  linkType: hard

"wrappy@npm:1":
  version: 1.0.2
  resolution: "wrappy@npm:1.0.2"
  checksum: 56fece1a4018c6a6c8e28fbc88c87e0fbf4ea8fd64fc6c63b18f4acc4bd13e0ad2515189786dd2c30d3eec9663d70f4ecf699330002f8ccb547e4a18231fc9f0
  languageName: node
  linkType: hard

"yallist@npm:^4.0.0":
  version: 4.0.0
  resolution: "yallist@npm:4.0.0"
  checksum: 2286b5e8dbfe22204ab66e2ef5cc9bbb1e55dfc873bbe0d568aa943eb255d131890dfd5bf243637273d31119b870f49c18fcde2c6ffbb7a7a092b870dc90625a
  languageName: node
  linkType: hard

"yauzl@npm:^2.10.0":
  version: 2.10.0
  resolution: "yauzl@npm:2.10.0"
  dependencies:
    buffer-crc32: "npm:~0.2.3"
    fd-slicer: "npm:~1.1.0"
  checksum: f265002af7541b9ec3589a27f5fb8f11cf348b53cc15e2751272e3c062cd73f3e715bc72d43257de71bbaecae446c3f1b14af7559e8ab0261625375541816422
  languageName: node
  linkType: hard
